
Microsoft Visual Studio Solution File, Format Version 12.00
# Visual Studio 14
VisualStudioVersion = 14.0.25123.0
MinimumVisualStudioVersion = 10.0.40219.1
Project("{FAE04EC0-301F-11D3-BF4B-00C04F79EFBC}") = "TallerIV", "TallerIV\TallerIV.csproj", "{15370644-D2EA-4463-98C8-43BDEFCFEC2A}"
EndProject
Project("{FAE04EC0-301F-11D3-BF4B-00C04F79EFBC}") = "TallerIV.Datos", "TallerIV.Datos\TallerIV.Datos.csproj", "{5AA0A727-7071-4148-A75B-72CA19E0C545}"
EndProject
Project("{FAE04EC0-301F-11D3-BF4B-00C04F79EFBC}") = "TallerIV.Negocio", "TallerIV.Negocio\TallerIV.Negocio.csproj", "{DAF805AD-5628-4205-AA5F-4B8F674647CE}"
EndProject
Project("{FAE04EC0-301F-11D3-BF4B-00C04F79EFBC}") = "TallerIV.Dominio", "TallerIV.Dominio\TallerIV.Dominio.csproj", "{EF64DF1C-7E1A-49AF-BAAC-A8EA05CAB662}"
EndProject
Global
	GlobalSection(SolutionConfigurationPlatforms) = preSolution
		Debug|Any CPU = Debug|Any CPU
		Release|Any CPU = Release|Any CPU
	EndGlobalSection
	GlobalSection(ProjectConfigurationPlatforms) = postSolution
		{15370644-D2EA-4463-98C8-43BDEFCFEC2A}.Debug|Any CPU.ActiveCfg = Debug|Any CPU
		{15370644-D2EA-4463-98C8-43BDEFCFEC2A}.Debug|Any CPU.Build.0 = Debug|Any CPU
		{15370644-D2EA-4463-98C8-43BDEFCFEC2A}.Release|Any CPU.ActiveCfg = Release|Any CPU
		{15370644-D2EA-4463-98C8-43BDEFCFEC2A}.Release|Any CPU.Build.0 = Release|Any CPU
		{5AA0A727-7071-4148-A75B-72CA19E0C545}.Debug|Any CPU.ActiveCfg = Debug|Any CPU
		{5AA0A727-7071-4148-A75B-72CA19E0C545}.Debug|Any CPU.Build.0 = Debug|Any CPU
		{5AA0A727-7071-4148-A75B-72CA19E0C545}.Release|Any CPU.ActiveCfg = Release|Any CPU
		{5AA0A727-7071-4148-A75B-72CA19E0C545}.Release|Any CPU.Build.0 = Release|Any CPU
		{DAF805AD-5628-4205-AA5F-4B8F674647CE}.Debug|Any CPU.ActiveCfg = Debug|Any CPU
		{DAF805AD-5628-4205-AA5F-4B8F674647CE}.Debug|Any CPU.Build.0 = Debug|Any CPU
		{DAF805AD-5628-4205-AA5F-4B8F674647CE}.Release|Any CPU.ActiveCfg = Release|Any CPU
		{DAF805AD-5628-4205-AA5F-4B8F674647CE}.Release|Any CPU.Build.0 = Release|Any CPU
		{EF64DF1C-7E1A-49AF-BAAC-A8EA05CAB662}.Debug|Any CPU.ActiveCfg = Debug|Any CPU
		{EF64DF1C-7E1A-49AF-BAAC-A8EA05CAB662}.Debug|Any CPU.Build.0 = Debug|Any CPU
		{EF64DF1C-7E1A-49AF-BAAC-A8EA05CAB662}.Release|Any CPU.ActiveCfg = Release|Any CPU
		{EF64DF1C-7E1A-49AF-BAAC-A8EA05CAB662}.Release|Any CPU.Build.0 = Release|Any CPU
	EndGlobalSection
	GlobalSection(SolutionProperties) = preSolution
		HideSolutionNode = FALSE
	EndGlobalSection
EndGlobal
